// !$*UTF8*$!
{
	archiveVersion = 1;
	classes = {
	};
	objectVersion = 50;
	objects = {

/* Begin PBXBuildFile section */
		49C940D4F5420D7F55D88C0B /* Pods_YouTube.framework in Frameworks */ = {isa = PBXBuildFile; fileRef = 588B5C0C8A8ADF368BDA070F /* Pods_YouTube.framework */; };
		BB3DC14222144A88003E1201 /* AppDelegate.swift in Sources */ = {isa = PBXBuildFile; fileRef = BB3DC14122144A88003E1201 /* AppDelegate.swift */; };
		BB3DC14422144A88003E1201 /* MusicViewController.swift in Sources */ = {isa = PBXBuildFile; fileRef = BB3DC14322144A88003E1201 /* MusicViewController.swift */; };
		BB3DC14922144A89003E1201 /* Assets.xcassets in Resources */ = {isa = PBXBuildFile; fileRef = BB3DC14822144A89003E1201 /* Assets.xcassets */; };
		BB5D1577221D6DA10005731A /* DownLoadedVideoPlayerVC.swift in Sources */ = {isa = PBXBuildFile; fileRef = BB5D1576221D6DA10005731A /* DownLoadedVideoPlayerVC.swift */; };
		BB5D157C221D83E80005731A /* BaseViewController.swift in Sources */ = {isa = PBXBuildFile; fileRef = BB5D157B221D83E80005731A /* BaseViewController.swift */; };
		BB5D157E221D8A720005731A /* MusicCell.swift in Sources */ = {isa = PBXBuildFile; fileRef = BB5D157D221D8A720005731A /* MusicCell.swift */; };
		BB5D1583221D92300005731A /* libmp3lame.a in Frameworks */ = {isa = PBXBuildFile; fileRef = BB5D1581221D92300005731A /* libmp3lame.a */; };
		BB5D1587221D92840005731A /* VideoFace.m in Sources */ = {isa = PBXBuildFile; fileRef = BB5D1586221D92840005731A /* VideoFace.m */; };
		BB5D158A221D92B80005731A /* LameTool.m in Sources */ = {isa = PBXBuildFile; fileRef = BB5D1589221D92B80005731A /* LameTool.m */; };
		BB5D158D221D9BD30005731A /* AVAudioManager.m in Sources */ = {isa = PBXBuildFile; fileRef = BB5D158B221D9BD20005731A /* AVAudioManager.m */; };
		BB83E975221A9731002C86B5 /* JHDownloadManager.swift in Sources */ = {isa = PBXBuildFile; fileRef = BB83E974221A9731002C86B5 /* JHDownloadManager.swift */; };
		BB83E978221A98E4002C86B5 /* DownloadViewController.swift in Sources */ = {isa = PBXBuildFile; fileRef = BB83E976221A98E4002C86B5 /* DownloadViewController.swift */; };
		BB83E979221A98E4002C86B5 /* DownloadViewController.xib in Resources */ = {isa = PBXBuildFile; fileRef = BB83E977221A98E4002C86B5 /* DownloadViewController.xib */; };
		BB83E97B221A9932002C86B5 /* VideoViewController.swift in Sources */ = {isa = PBXBuildFile; fileRef = BB83E97A221A9932002C86B5 /* VideoViewController.swift */; };
		BB83E97D221AA948002C86B5 /* VideoCell.swift in Sources */ = {isa = PBXBuildFile; fileRef = BB83E97C221AA948002C86B5 /* VideoCell.swift */; };
		BBCBF12F221D5E71002A9312 /* Tool.swift in Sources */ = {isa = PBXBuildFile; fileRef = BBCBF12E221D5E71002A9312 /* Tool.swift */; };
/* End PBXBuildFile section */

/* Begin PBXFileReference section */
		441F1FF5B1FA139800C2836A /* Pods-YouTube.debug.xcconfig */ = {isa = PBXFileReference; includeInIndex = 1; lastKnownFileType = text.xcconfig; name = "Pods-YouTube.debug.xcconfig"; path = "Pods/Target Support Files/Pods-YouTube/Pods-YouTube.debug.xcconfig"; sourceTree = "<group>"; };
		588B5C0C8A8ADF368BDA070F /* Pods_YouTube.framework */ = {isa = PBXFileReference; explicitFileType = wrapper.framework; includeInIndex = 0; path = Pods_YouTube.framework; sourceTree = BUILT_PRODUCTS_DIR; };
		BB3DC13E22144A88003E1201 /* YouTube.app */ = {isa = PBXFileReference; explicitFileType = wrapper.application; includeInIndex = 0; path = YouTube.app; sourceTree = BUILT_PRODUCTS_DIR; };
		BB3DC14122144A88003E1201 /* AppDelegate.swift */ = {isa = PBXFileReference; lastKnownFileType = sourcecode.swift; path = AppDelegate.swift; sourceTree = "<group>"; };
		BB3DC14322144A88003E1201 /* MusicViewController.swift */ = {isa = PBXFileReference; lastKnownFileType = sourcecode.swift; path = MusicViewController.swift; sourceTree = "<group>"; };
		BB3DC14822144A89003E1201 /* Assets.xcassets */ = {isa = PBXFileReference; lastKnownFileType = folder.assetcatalog; path = Assets.xcassets; sourceTree = "<group>"; };
		BB3DC14D22144A89003E1201 /* Info.plist */ = {isa = PBXFileReference; lastKnownFileType = text.plist.xml; path = Info.plist; sourceTree = "<group>"; };
		BB5D1576221D6DA10005731A /* DownLoadedVideoPlayerVC.swift */ = {isa = PBXFileReference; lastKnownFileType = sourcecode.swift; path = DownLoadedVideoPlayerVC.swift; sourceTree = "<group>"; };
		BB5D157B221D83E80005731A /* BaseViewController.swift */ = {isa = PBXFileReference; lastKnownFileType = sourcecode.swift; path = BaseViewController.swift; sourceTree = "<group>"; };
		BB5D157D221D8A720005731A /* MusicCell.swift */ = {isa = PBXFileReference; lastKnownFileType = sourcecode.swift; path = MusicCell.swift; sourceTree = "<group>"; };
		BB5D1581221D92300005731A /* libmp3lame.a */ = {isa = PBXFileReference; lastKnownFileType = archive.ar; path = libmp3lame.a; sourceTree = "<group>"; };
		BB5D1582221D92300005731A /* lame.h */ = {isa = PBXFileReference; fileEncoding = 4; lastKnownFileType = sourcecode.c.h; path = lame.h; sourceTree = "<group>"; };
		BB5D1585221D92840005731A /* VideoFace.h */ = {isa = PBXFileReference; fileEncoding = 4; lastKnownFileType = sourcecode.c.h; path = VideoFace.h; sourceTree = "<group>"; };
		BB5D1586221D92840005731A /* VideoFace.m */ = {isa = PBXFileReference; fileEncoding = 4; lastKnownFileType = sourcecode.c.objc; path = VideoFace.m; sourceTree = "<group>"; };
		BB5D1588221D92B80005731A /* LameTool.h */ = {isa = PBXFileReference; lastKnownFileType = sourcecode.c.h; path = LameTool.h; sourceTree = "<group>"; };
		BB5D1589221D92B80005731A /* LameTool.m */ = {isa = PBXFileReference; lastKnownFileType = sourcecode.c.objc; path = LameTool.m; sourceTree = "<group>"; };
		BB5D158B221D9BD20005731A /* AVAudioManager.m */ = {isa = PBXFileReference; fileEncoding = 4; lastKnownFileType = sourcecode.c.objc; path = AVAudioManager.m; sourceTree = "<group>"; };
		BB5D158C221D9BD20005731A /* AVAudioManager.h */ = {isa = PBXFileReference; fileEncoding = 4; lastKnownFileType = sourcecode.c.h; path = AVAudioManager.h; sourceTree = "<group>"; };
		BB83E974221A9731002C86B5 /* JHDownloadManager.swift */ = {isa = PBXFileReference; fileEncoding = 4; lastKnownFileType = sourcecode.swift; path = JHDownloadManager.swift; sourceTree = "<group>"; };
		BB83E976221A98E4002C86B5 /* DownloadViewController.swift */ = {isa = PBXFileReference; lastKnownFileType = sourcecode.swift; path = DownloadViewController.swift; sourceTree = "<group>"; };
		BB83E977221A98E4002C86B5 /* DownloadViewController.xib */ = {isa = PBXFileReference; lastKnownFileType = file.xib; path = DownloadViewController.xib; sourceTree = "<group>"; };
		BB83E97A221A9932002C86B5 /* VideoViewController.swift */ = {isa = PBXFileReference; lastKnownFileType = sourcecode.swift; path = VideoViewController.swift; sourceTree = "<group>"; };
		BB83E97C221AA948002C86B5 /* VideoCell.swift */ = {isa = PBXFileReference; lastKnownFileType = sourcecode.swift; path = VideoCell.swift; sourceTree = "<group>"; };
		BB91B2A222151C3400380BCF /* bridge.h */ = {isa = PBXFileReference; lastKnownFileType = sourcecode.c.h; path = bridge.h; sourceTree = "<group>"; };
		BBCBF12E221D5E71002A9312 /* Tool.swift */ = {isa = PBXFileReference; lastKnownFileType = sourcecode.swift; path = Tool.swift; sourceTree = "<group>"; };
		E1BF6350945115C1D3745E2D /* Pods-YouTube.release.xcconfig */ = {isa = PBXFileReference; includeInIndex = 1; lastKnownFileType = text.xcconfig; name = "Pods-YouTube.release.xcconfig"; path = "Pods/Target Support Files/Pods-YouTube/Pods-YouTube.release.xcconfig"; sourceTree = "<group>"; };
/* End PBXFileReference section */

/* Begin PBXFrameworksBuildPhase section */
		BB3DC13B22144A88003E1201 /* Frameworks */ = {
			isa = PBXFrameworksBuildPhase;
			buildActionMask = 2147483647;
			files = (
				49C940D4F5420D7F55D88C0B /* Pods_YouTube.framework in Frameworks */,
				BB5D1583221D92300005731A /* libmp3lame.a in Frameworks */,
			);
			runOnlyForDeploymentPostprocessing = 0;
		};
/* End PBXFrameworksBuildPhase section */

/* Begin PBXGroup section */
		6115A186CA364B0C3CBCE525 /* Frameworks */ = {
			isa = PBXGroup;
			children = (
				588B5C0C8A8ADF368BDA070F /* Pods_YouTube.framework */,
			);
			name = Frameworks;
			sourceTree = "<group>";
		};
		BB3DC13522144A87003E1201 = {
			isa = PBXGroup;
			children = (
				BB3DC14022144A88003E1201 /* YouTube */,
				BB3DC13F22144A88003E1201 /* Products */,
				ECC5A6FE7E1892F1A772BB8B /* Pods */,
				6115A186CA364B0C3CBCE525 /* Frameworks */,
			);
			sourceTree = "<group>";
		};
		BB3DC13F22144A88003E1201 /* Products */ = {
			isa = PBXGroup;
			children = (
				BB3DC13E22144A88003E1201 /* YouTube.app */,
			);
			name = Products;
			sourceTree = "<group>";
		};
		BB3DC14022144A88003E1201 /* YouTube */ = {
			isa = PBXGroup;
			children = (
				BB83E974221A9731002C86B5 /* JHDownloadManager.swift */,
				BB3DC14122144A88003E1201 /* AppDelegate.swift */,
				BB5D157B221D83E80005731A /* BaseViewController.swift */,
				BB3DC14322144A88003E1201 /* MusicViewController.swift */,
				BB5D157D221D8A720005731A /* MusicCell.swift */,
				BB83E97A221A9932002C86B5 /* VideoViewController.swift */,
				BB83E97C221AA948002C86B5 /* VideoCell.swift */,
				BB5D1576221D6DA10005731A /* DownLoadedVideoPlayerVC.swift */,
				BB83E976221A98E4002C86B5 /* DownloadViewController.swift */,
				BB83E977221A98E4002C86B5 /* DownloadViewController.xib */,
				BB91B2A222151C3400380BCF /* bridge.h */,
				BBCBF12E221D5E71002A9312 /* Tool.swift */,
				BB5D157F221D92190005731A /* Libs */,
				BB3DC14822144A89003E1201 /* Assets.xcassets */,
				BB3DC14D22144A89003E1201 /* Info.plist */,
			);
			path = YouTube;
			sourceTree = "<group>";
		};
		BB5D157F221D92190005731A /* Libs */ = {
			isa = PBXGroup;
			children = (
				BB5D158C221D9BD20005731A /* AVAudioManager.h */,
				BB5D158B221D9BD20005731A /* AVAudioManager.m */,
				BB5D1584221D92840005731A /* VideoFace */,
				BB5D1580221D92280005731A /* lame */,
			);
			path = Libs;
			sourceTree = "<group>";
		};
		BB5D1580221D92280005731A /* lame */ = {
			isa = PBXGroup;
			children = (
				BB5D1582221D92300005731A /* lame.h */,
				BB5D1581221D92300005731A /* libmp3lame.a */,
				BB5D1588221D92B80005731A /* LameTool.h */,
				BB5D1589221D92B80005731A /* LameTool.m */,
			);
			path = lame;
			sourceTree = "<group>";
		};
		BB5D1584221D92840005731A /* VideoFace */ = {
			isa = PBXGroup;
			children = (
				BB5D1585221D92840005731A /* VideoFace.h */,
				BB5D1586221D92840005731A /* VideoFace.m */,
			);
			path = VideoFace;
			sourceTree = "<group>";
		};
		ECC5A6FE7E1892F1A772BB8B /* Pods */ = {
			isa = PBXGroup;
			children = (
				441F1FF5B1FA139800C2836A /* Pods-YouTube.debug.xcconfig */,
				E1BF6350945115C1D3745E2D /* Pods-YouTube.release.xcconfig */,
			);
			name = Pods;
			sourceTree = "<group>";
		};
/* End PBXGroup section */

/* Begin PBXNativeTarget section */
		BB3DC13D22144A88003E1201 /* YouTube */ = {
			isa = PBXNativeTarget;
			buildConfigurationList = BB3DC15022144A89003E1201 /* Build configuration list for PBXNativeTarget "YouTube" */;
			buildPhases = (
				96AEF587DB25038CB4B18895 /* [CP] Check Pods Manifest.lock */,
				BB3DC13A22144A88003E1201 /* Sources */,
				BB3DC13B22144A88003E1201 /* Frameworks */,
				BB3DC13C22144A88003E1201 /* Resources */,
				14CB8AB8E4F9AC18C8E5ED41 /* [CP] Embed Pods Frameworks */,
			);
			buildRules = (
			);
			dependencies = (
			);
			name = YouTube;
			productName = YouTube;
			productReference = BB3DC13E22144A88003E1201 /* YouTube.app */;
			productType = "com.apple.product-type.application";
		};
/* End PBXNativeTarget section */

/* Begin PBXProject section */
		BB3DC13622144A87003E1201 /* Project object */ = {
			isa = PBXProject;
			attributes = {
				LastSwiftUpdateCheck = 1010;
				LastUpgradeCheck = 1010;
				ORGANIZATIONNAME = jk;
				TargetAttributes = {
					BB3DC13D22144A88003E1201 = {
						CreatedOnToolsVersion = 10.1;
					};
				};
			};
			buildConfigurationList = BB3DC13922144A88003E1201 /* Build configuration list for PBXProject "YouTube" */;
			compatibilityVersion = "Xcode 9.3";
			developmentRegion = en;
			hasScannedForEncodings = 0;
			knownRegions = (
				en,
				Base,
			);
			mainGroup = BB3DC13522144A87003E1201;
			productRefGroup = BB3DC13F22144A88003E1201 /* Products */;
			projectDirPath = "";
			projectRoot = "";
			targets = (
				BB3DC13D22144A88003E1201 /* YouTube */,
			);
		};
/* End PBXProject section */

/* Begin PBXResourcesBuildPhase section */
		BB3DC13C22144A88003E1201 /* Resources */ = {
			isa = PBXResourcesBuildPhase;
			buildActionMask = 2147483647;
			files = (
				BB3DC14922144A89003E1201 /* Assets.xcassets in Resources */,
				BB83E979221A98E4002C86B5 /* DownloadViewController.xib in Resources */,
			);
			runOnlyForDeploymentPostprocessing = 0;
		};
/* End PBXResourcesBuildPhase section */

/* Begin PBXShellScriptBuildPhase section */
		14CB8AB8E4F9AC18C8E5ED41 /* [CP] Embed Pods Frameworks */ = {
			isa = PBXShellScriptBuildPhase;
			buildActionMask = 2147483647;
			files = (
			);
			inputFileListPaths = (
			);
			inputPaths = (
				"${SRCROOT}/Pods/Target Support Files/Pods-YouTube/Pods-YouTube-frameworks.sh",
				"${BUILT_PRODUCTS_DIR}/AudioPlayerSwift/AudioPlayer.framework",
				"${BUILT_PRODUCTS_DIR}/HandyJSON/HandyJSON.framework",
				"${BUILT_PRODUCTS_DIR}/IQKeyboardManager/IQKeyboardManager.framework",
				"${BUILT_PRODUCTS_DIR}/MJRefresh/MJRefresh.framework",
				"${BUILT_PRODUCTS_DIR}/NicooPlayer/NicooPlayer.framework",
				"${BUILT_PRODUCTS_DIR}/SVProgressHUD/SVProgressHUD.framework",
				"${BUILT_PRODUCTS_DIR}/SnapKit/SnapKit.framework",
			);
			name = "[CP] Embed Pods Frameworks";
			outputFileListPaths = (
			);
			outputPaths = (
				"${TARGET_BUILD_DIR}/${FRAMEWORKS_FOLDER_PATH}/AudioPlayer.framework",
				"${TARGET_BUILD_DIR}/${FRAMEWORKS_FOLDER_PATH}/HandyJSON.framework",
				"${TARGET_BUILD_DIR}/${FRAMEWORKS_FOLDER_PATH}/IQKeyboardManager.framework",
				"${TARGET_BUILD_DIR}/${FRAMEWORKS_FOLDER_PATH}/MJRefresh.framework",
				"${TARGET_BUILD_DIR}/${FRAMEWORKS_FOLDER_PATH}/NicooPlayer.framework",
				"${TARGET_BUILD_DIR}/${FRAMEWORKS_FOLDER_PATH}/SVProgressHUD.framework",
				"${TARGET_BUILD_DIR}/${FRAMEWORKS_FOLDER_PATH}/SnapKit.framework",
			);
			runOnlyForDeploymentPostprocessing = 0;
			shellPath = /bin/sh;
			shellScript = "\"${SRCROOT}/Pods/Target Support Files/Pods-YouTube/Pods-YouTube-frameworks.sh\"\n";
			showEnvVarsInLog = 0;
		};
		96AEF587DB25038CB4B18895 /* [CP] Check Pods Manifest.lock */ = {
			isa = PBXShellScriptBuildPhase;
			buildActionMask = 2147483647;
			files = (
			);
			inputFileListPaths = (
			);
			inputPaths = (
				"${PODS_PODFILE_DIR_PATH}/Podfile.lock",
				"${PODS_ROOT}/Manifest.lock",
			);
			name = "[CP] Check Pods Manifest.lock";
			outputFileListPaths = (
			);
			outputPaths = (
				"$(DERIVED_FILE_DIR)/Pods-YouTube-checkManifestLockResult.txt",
			);
			runOnlyForDeploymentPostprocessing = 0;
			shellPath = /bin/sh;
			shellScript = "diff \"${PODS_PODFILE_DIR_PATH}/Podfile.lock\" \"${PODS_ROOT}/Manifest.lock\" > /dev/null\nif [ $? != 0 ] ; then\n    # print error to STDERR\n    echo \"error: The sandbox is not in sync with the Podfile.lock. Run 'pod install' or update your CocoaPods installation.\" >&2\n    exit 1\nfi\n# This output is used by Xcode 'outputs' to avoid re-running this script phase.\necho \"SUCCESS\" > \"${SCRIPT_OUTPUT_FILE_0}\"\n";
			showEnvVarsInLog = 0;
		};
/* End PBXShellScriptBuildPhase section */

/* Begin PBXSourcesBuildPhase section */
		BB3DC13A22144A88003E1201 /* Sources */ = {
			isa = PBXSourcesBuildPhase;
			buildActionMask = 2147483647;
			files = (
				BB3DC14422144A88003E1201 /* MusicViewController.swift in Sources */,
				BB83E975221A9731002C86B5 /* JHDownloadManager.swift in Sources */,
				BB5D158A221D92B80005731A /* LameTool.m in Sources */,
				BB83E978221A98E4002C86B5 /* DownloadViewController.swift in Sources */,
				BBCBF12F221D5E71002A9312 /* Tool.swift in Sources */,
				BB83E97B221A9932002C86B5 /* VideoViewController.swift in Sources */,
				BB5D157C221D83E80005731A /* BaseViewController.swift in Sources */,
				BB5D158D221D9BD30005731A /* AVAudioManager.m in Sources */,
				BB3DC14222144A88003E1201 /* AppDelegate.swift in Sources */,
				BB5D157E221D8A720005731A /* MusicCell.swift in Sources */,
				BB5D1577221D6DA10005731A /* DownLoadedVideoPlayerVC.swift in Sources */,
				BB83E97D221AA948002C86B5 /* VideoCell.swift in Sources */,
				BB5D1587221D92840005731A /* VideoFace.m in Sources */,
			);
			runOnlyForDeploymentPostprocessing = 0;
		};
/* End PBXSourcesBuildPhase section */

/* Begin XCBuildConfiguration section */
		BB3DC14E22144A89003E1201 /* Debug */ = {
			isa = XCBuildConfiguration;
			buildSettings = {
				ALWAYS_SEARCH_USER_PATHS = NO;
				CLANG_ANALYZER_NONNULL = YES;
				CLANG_ANALYZER_NUMBER_OBJECT_CONVERSION = YES_AGGRESSIVE;
				CLANG_CXX_LANGUAGE_STANDARD = "gnu++14";
				CLANG_CXX_LIBRARY = "libc++";
				CLANG_ENABLE_MODULES = YES;
				CLANG_ENABLE_OBJC_ARC = YES;
				CLANG_ENABLE_OBJC_WEAK = YES;
				CLANG_WARN_BLOCK_CAPTURE_AUTORELEASING = YES;
				CLANG_WARN_BOOL_CONVERSION = YES;
				CLANG_WARN_COMMA = YES;
				CLANG_WARN_CONSTANT_CONVERSION = YES;
				CLANG_WARN_DEPRECATED_OBJC_IMPLEMENTATIONS = YES;
				CLANG_WARN_DIRECT_OBJC_ISA_USAGE = YES_ERROR;
				CLANG_WARN_DOCUMENTATION_COMMENTS = YES;
				CLANG_WARN_EMPTY_BODY = YES;
				CLANG_WARN_ENUM_CONVERSION = YES;
				CLANG_WARN_INFINITE_RECURSION = YES;
				CLANG_WARN_INT_CONVERSION = YES;
				CLANG_WARN_NON_LITERAL_NULL_CONVERSION = YES;
				CLANG_WARN_OBJC_IMPLICIT_RETAIN_SELF = YES;
				CLANG_WARN_OBJC_LITERAL_CONVERSION = YES;
				CLANG_WARN_OBJC_ROOT_CLASS = YES_ERROR;
				CLANG_WARN_RANGE_LOOP_ANALYSIS = YES;
				CLANG_WARN_STRICT_PROTOTYPES = YES;
				CLANG_WARN_SUSPICIOUS_MOVE = YES;
				CLANG_WARN_UNGUARDED_AVAILABILITY = YES_AGGRESSIVE;
				CLANG_WARN_UNREACHABLE_CODE = YES;
				CLANG_WARN__DUPLICATE_METHOD_MATCH = YES;
				CODE_SIGN_IDENTITY = "iPhone Developer";
				COPY_PHASE_STRIP = NO;
				DEBUG_INFORMATION_FORMAT = dwarf;
				ENABLE_STRICT_OBJC_MSGSEND = YES;
				ENABLE_TESTABILITY = YES;
				GCC_C_LANGUAGE_STANDARD = gnu11;
				GCC_DYNAMIC_NO_PIC = NO;
				GCC_NO_COMMON_BLOCKS = YES;
				GCC_OPTIMIZATION_LEVEL = 0;
				GCC_PREPROCESSOR_DEFINITIONS = (
					"DEBUG=1",
					"$(inherited)",
				);
				GCC_WARN_64_TO_32_BIT_CONVERSION = YES;
				GCC_WARN_ABOUT_RETURN_TYPE = YES_ERROR;
				GCC_WARN_UNDECLARED_SELECTOR = YES;
				GCC_WARN_UNINITIALIZED_AUTOS = YES_AGGRESSIVE;
				GCC_WARN_UNUSED_FUNCTION = YES;
				GCC_WARN_UNUSED_VARIABLE = YES;
				IPHONEOS_DEPLOYMENT_TARGET = 12.1;
				MTL_ENABLE_DEBUG_INFO = INCLUDE_SOURCE;
				MTL_FAST_MATH = YES;
				ONLY_ACTIVE_ARCH = YES;
				SDKROOT = iphoneos;
				SWIFT_ACTIVE_COMPILATION_CONDITIONS = DEBUG;
				SWIFT_OPTIMIZATION_LEVEL = "-Onone";
			};
			name = Debug;
		};
		BB3DC14F22144A89003E1201 /* Release */ = {
			isa = XCBuildConfiguration;
			buildSettings = {
				ALWAYS_SEARCH_USER_PATHS = NO;
				CLANG_ANALYZER_NONNULL = YES;
				CLANG_ANALYZER_NUMBER_OBJECT_CONVERSION = YES_AGGRESSIVE;
				CLANG_CXX_LANGUAGE_STANDARD = "gnu++14";
				CLANG_CXX_LIBRARY = "libc++";
				CLANG_ENABLE_MODULES = YES;
				CLANG_ENABLE_OBJC_ARC = YES;
				CLANG_ENABLE_OBJC_WEAK = YES;
				CLANG_WARN_BLOCK_CAPTURE_AUTORELEASING = YES;
				CLANG_WARN_BOOL_CONVERSION = YES;
				CLANG_WARN_COMMA = YES;
				CLANG_WARN_CONSTANT_CONVERSION = YES;
				CLANG_WARN_DEPRECATED_OBJC_IMPLEMENTATIONS = YES;
				CLANG_WARN_DIRECT_OBJC_ISA_USAGE = YES_ERROR;
				CLANG_WARN_DOCUMENTATION_COMMENTS = YES;
				CLANG_WARN_EMPTY_BODY = YES;
				CLANG_WARN_ENUM_CONVERSION = YES;
				CLANG_WARN_INFINITE_RECURSION = YES;
				CLANG_WARN_INT_CONVERSION = YES;
				CLANG_WARN_NON_LITERAL_NULL_CONVERSION = YES;
				CLANG_WARN_OBJC_IMPLICIT_RETAIN_SELF = YES;
				CLANG_WARN_OBJC_LITERAL_CONVERSION = YES;
				CLANG_WARN_OBJC_ROOT_CLASS = YES_ERROR;
				CLANG_WARN_RANGE_LOOP_ANALYSIS = YES;
				CLANG_WARN_STRICT_PROTOTYPES = YES;
				CLANG_WARN_SUSPICIOUS_MOVE = YES;
				CLANG_WARN_UNGUARDED_AVAILABILITY = YES_AGGRESSIVE;
				CLANG_WARN_UNREACHABLE_CODE = YES;
				CLANG_WARN__DUPLICATE_METHOD_MATCH = YES;
				CODE_SIGN_IDENTITY = "iPhone Developer";
				COPY_PHASE_STRIP = NO;
				DEBUG_INFORMATION_FORMAT = "dwarf-with-dsym";
				ENABLE_NS_ASSERTIONS = NO;
				ENABLE_STRICT_OBJC_MSGSEND = YES;
				GCC_C_LANGUAGE_STANDARD = gnu11;
				GCC_NO_COMMON_BLOCKS = YES;
				GCC_WARN_64_TO_32_BIT_CONVERSION = YES;
				GCC_WARN_ABOUT_RETURN_TYPE = YES_ERROR;
				GCC_WARN_UNDECLARED_SELECTOR = YES;
				GCC_WARN_UNINITIALIZED_AUTOS = YES_AGGRESSIVE;
				GCC_WARN_UNUSED_FUNCTION = YES;
				GCC_WARN_UNUSED_VARIABLE = YES;
				IPHONEOS_DEPLOYMENT_TARGET = 12.1;
				MTL_ENABLE_DEBUG_INFO = NO;
				MTL_FAST_MATH = YES;
				SDKROOT = iphoneos;
				SWIFT_COMPILATION_MODE = wholemodule;
				SWIFT_OPTIMIZATION_LEVEL = "-O";
				VALIDATE_PRODUCT = YES;
			};
			name = Release;
		};
		BB3DC15122144A89003E1201 /* Debug */ = {
			isa = XCBuildConfiguration;
			baseConfigurationReference = 441F1FF5B1FA139800C2836A /* Pods-YouTube.debug.xcconfig */;
			buildSettings = {
				ASSETCATALOG_COMPILER_APPICON_NAME = AppIcon;
				ASSETCATALOG_COMPILER_LAUNCHIMAGE_NAME = LaunchImage;
				CODE_SIGN_STYLE = Automatic;
				DEVELOPMENT_TEAM = D3JEV5MWE2;
				ENABLE_BITCODE = NO;
				FRAMEWORK_SEARCH_PATHS = (
					"$(inherited)",
					"$(PROJECT_DIR)/YouTube",
				);
				INFOPLIST_FILE = YouTube/Info.plist;
				IPHONEOS_DEPLOYMENT_TARGET = 11;
				LD_RUNPATH_SEARCH_PATHS = (
					"$(inherited)",
					"@executable_path/Frameworks",
				);
				LIBRARY_SEARCH_PATHS = (
					"$(inherited)",
					"$(PROJECT_DIR)/YouTube/Libs/lame",
				);
				PRODUCT_BUNDLE_IDENTIFIER = jk.YouTube;
				PRODUCT_NAME = "$(TARGET_NAME)";
				SWIFT_OBJC_BRIDGING_HEADER = "$(SRCROOT)/YouTube/bridge.h";
				SWIFT_VERSION = 4.2;
				TARGETED_DEVICE_FAMILY = 1;
			};
			name = Debug;
		};
		BB3DC15222144A89003E1201 /* Release */ = {
			isa = XCBuildConfiguration;
			baseConfigurationReference = E1BF6350945115C1D3745E2D /* Pods-YouTube.release.xcconfig */;
			buildSettings = {
				ASSETCATALOG_COMPILER_APPICON_NAME = AppIcon;
				ASSETCATALOG_COMPILER_LAUNCHIMAGE_NAME = LaunchImage;
				CODE_SIGN_STYLE = Automatic;
				DEVELOPMENT_TEAM = D3JEV5MWE2;
				ENABLE_BITCODE = NO;
				FRAMEWORK_SEARCH_PATHS = (
					"$(inherited)",
					"$(PROJECT_DIR)/YouTube",
				);
				INFOPLIST_FILE = YouTube/Info.plist;
				IPHONEOS_DEPLOYMENT_TARGET = 11;
				LD_RUNPATH_SEARCH_PATHS = (
					"$(inherited)",
					"@executable_path/Frameworks",
				);
				LIBRARY_SEARCH_PATHS = (
					"$(inherited)",
					"$(PROJECT_DIR)/YouTube/Libs/lame",
				);
				PRODUCT_BUNDLE_IDENTIFIER = jk.YouTube;
				PRODUCT_NAME = "$(TARGET_NAME)";
				SWIFT_OBJC_BRIDGING_HEADER = "$(SRCROOT)/YouTube/bridge.h";
				SWIFT_VERSION = 4.2;
				TARGETED_DEVICE_FAMILY = 1;
			};
			name = Release;
		};
/* End XCBuildConfiguration section */

/* Begin XCConfigurationList section */
		BB3DC13922144A88003E1201 /* Build configuration list for PBXProject "YouTube" */ = {
			isa = XCConfigurationList;
			buildConfigurations = (
				BB3DC14E22144A89003E1201 /* Debug */,
				BB3DC14F22144A89003E1201 /* Release */,
			);
			defaultConfigurationIsVisible = 0;
			defaultConfigurationName = Release;
		};
		BB3DC15022144A89003E1201 /* Build configuration list for PBXNativeTarget "YouTube" */ = {
			isa = XCConfigurationList;
			buildConfigurations = (
				BB3DC15122144A89003E1201 /* Debug */,
				BB3DC15222144A89003E1201 /* Release */,
			);
			defaultConfigurationIsVisible = 0;
			defaultConfigurationName = Release;
		};
/* End XCConfigurationList section */
	};
	rootObject = BB3DC13622144A87003E1201 /* Project object */;
}
